
Microsoft Visual Studio Solution File, Format Version 11.00
# Visual Studio 2010
Project("{8BC9CEB8-8B4A-11D0-8D11-00A0C91BC942}") = "AuthServer", "AuthServer\AuthServer.vcxproj", "{C5903048-67D0-4647-B9A0-23E1519A5DF0}"
	ProjectSection(ProjectDependencies) = postProject
		{51BE7B2C-038D-4FEB-882A-349559CB090A} = {51BE7B2C-038D-4FEB-882A-349559CB090A}
		{89A1E353-E2DC-495C-B403-742BE206ACED} = {89A1E353-E2DC-495C-B403-742BE206ACED}
		{626AC5D1-3375-42A3-A29C-F5C33C273E11} = {626AC5D1-3375-42A3-A29C-F5C33C273E11}
		{231AFAFF-9F42-494C-9023-D5907F32A160} = {231AFAFF-9F42-494C-9023-D5907F32A160}
	EndProjectSection
EndProject
Project("{8BC9CEB8-8B4A-11D0-8D11-00A0C91BC942}") = "IPShared", "IPShared\IPShared.vcxproj", "{231AFAFF-9F42-494C-9023-D5907F32A160}"
	ProjectSection(ProjectDependencies) = postProject
		{51BE7B2C-038D-4FEB-882A-349559CB090A} = {51BE7B2C-038D-4FEB-882A-349559CB090A}
		{89A1E353-E2DC-495C-B403-742BE206ACED} = {89A1E353-E2DC-495C-B403-742BE206ACED}
	EndProjectSection
EndProject
Project("{8BC9CEB8-8B4A-11D0-8D11-00A0C91BC942}") = "IPServerShared", "IPServerShared\IPServerShared.vcxproj", "{626AC5D1-3375-42A3-A29C-F5C33C273E11}"
	ProjectSection(ProjectDependencies) = postProject
		{51BE7B2C-038D-4FEB-882A-349559CB090A} = {51BE7B2C-038D-4FEB-882A-349559CB090A}
		{231AFAFF-9F42-494C-9023-D5907F32A160} = {231AFAFF-9F42-494C-9023-D5907F32A160}
	EndProjectSection
EndProject
Project("{8BC9CEB8-8B4A-11D0-8D11-00A0C91BC942}") = "CCGOClient", "CCGOClient\CCGOClient.vcxproj", "{CCA663C3-310D-4051-A135-5D34D63F4BAF}"
	ProjectSection(ProjectDependencies) = postProject
		{51BE7B2C-038D-4FEB-882A-349559CB090A} = {51BE7B2C-038D-4FEB-882A-349559CB090A}
		{89A1E353-E2DC-495C-B403-742BE206ACED} = {89A1E353-E2DC-495C-B403-742BE206ACED}
		{231AFAFF-9F42-494C-9023-D5907F32A160} = {231AFAFF-9F42-494C-9023-D5907F32A160}
	EndProjectSection
EndProject
Project("{8BC9CEB8-8B4A-11D0-8D11-00A0C91BC942}") = "IPSharedTest", "IPSharedTest\IPSharedTest.vcxproj", "{836AF358-29E3-47D2-81F2-1D1CCD7117F3}"
	ProjectSection(ProjectDependencies) = postProject
		{96AB3013-E905-4058-B89E-5D7F70C4AB1B} = {96AB3013-E905-4058-B89E-5D7F70C4AB1B}
		{51BE7B2C-038D-4FEB-882A-349559CB090A} = {51BE7B2C-038D-4FEB-882A-349559CB090A}
		{89A1E353-E2DC-495C-B403-742BE206ACED} = {89A1E353-E2DC-495C-B403-742BE206ACED}
		{231AFAFF-9F42-494C-9023-D5907F32A160} = {231AFAFF-9F42-494C-9023-D5907F32A160}
	EndProjectSection
EndProject
Project("{8BC9CEB8-8B4A-11D0-8D11-00A0C91BC942}") = "gtest-md", "gtest\gtest-md.vcxproj", "{96AB3013-E905-4058-B89E-5D7F70C4AB1B}"
EndProject
Project("{8BC9CEB8-8B4A-11D0-8D11-00A0C91BC942}") = "IPPlatform", "IPPlatform\IPPlatform.vcxproj", "{51BE7B2C-038D-4FEB-882A-349559CB090A}"
EndProject
Project("{8BC9CEB8-8B4A-11D0-8D11-00A0C91BC942}") = "IPPlatformTest", "IPPlatformTest\IPPlatformTest.vcxproj", "{0EE8F76E-4E15-42C8-A629-13306D50AD24}"
	ProjectSection(ProjectDependencies) = postProject
		{96AB3013-E905-4058-B89E-5D7F70C4AB1B} = {96AB3013-E905-4058-B89E-5D7F70C4AB1B}
		{51BE7B2C-038D-4FEB-882A-349559CB090A} = {51BE7B2C-038D-4FEB-882A-349559CB090A}
	EndProjectSection
EndProject
Project("{2150E333-8FDC-42A3-9474-1A3956D46DE8}") = "Apps", "Apps", "{0B190851-4B1C-4C3A-AC16-B2C0C0A6FECC}"
EndProject
Project("{2150E333-8FDC-42A3-9474-1A3956D46DE8}") = "Libraries", "Libraries", "{2D2A164A-EBE1-433D-BC64-755C2E689A29}"
EndProject
Project("{2150E333-8FDC-42A3-9474-1A3956D46DE8}") = "ExternalLibraries", "ExternalLibraries", "{4C2DCB76-5309-4B7B-A55F-0C135A7B1E78}"
EndProject
Project("{2150E333-8FDC-42A3-9474-1A3956D46DE8}") = "TestApps", "TestApps", "{0979E4AD-CF98-4372-8B71-B9CEDE8B9769}"
EndProject
Project("{8BC9CEB8-8B4A-11D0-8D11-00A0C91BC942}") = "pugixml", "pugixml\pugixml.vcxproj", "{89A1E353-E2DC-495C-B403-742BE206ACED}"
EndProject
Project("{8BC9CEB8-8B4A-11D0-8D11-00A0C91BC942}") = "IPDatabase", "IPDatabase\IPDatabase.vcxproj", "{AB6051E2-52D0-41F5-8315-E8B89C18D63E}"
	ProjectSection(ProjectDependencies) = postProject
		{51BE7B2C-038D-4FEB-882A-349559CB090A} = {51BE7B2C-038D-4FEB-882A-349559CB090A}
		{231AFAFF-9F42-494C-9023-D5907F32A160} = {231AFAFF-9F42-494C-9023-D5907F32A160}
	EndProjectSection
EndProject
Project("{8BC9CEB8-8B4A-11D0-8D11-00A0C91BC942}") = "IPDatabaseTest", "IPDatabaseTest\IPDatabaseTest.vcxproj", "{13EAB1C7-0F80-4671-9606-4B3FEC826611}"
EndProject
Global
	GlobalSection(SolutionConfigurationPlatforms) = preSolution
		Debug|Win32 = Debug|Win32
		Debug|x64 = Debug|x64
		Release|Win32 = Release|Win32
		Release|x64 = Release|x64
	EndGlobalSection
	GlobalSection(ProjectConfigurationPlatforms) = postSolution
		{C5903048-67D0-4647-B9A0-23E1519A5DF0}.Debug|Win32.ActiveCfg = Debug|Win32
		{C5903048-67D0-4647-B9A0-23E1519A5DF0}.Debug|Win32.Build.0 = Debug|Win32
		{C5903048-67D0-4647-B9A0-23E1519A5DF0}.Debug|x64.ActiveCfg = Debug|x64
		{C5903048-67D0-4647-B9A0-23E1519A5DF0}.Debug|x64.Build.0 = Debug|x64
		{C5903048-67D0-4647-B9A0-23E1519A5DF0}.Release|Win32.ActiveCfg = Release|Win32
		{C5903048-67D0-4647-B9A0-23E1519A5DF0}.Release|Win32.Build.0 = Release|Win32
		{C5903048-67D0-4647-B9A0-23E1519A5DF0}.Release|x64.ActiveCfg = Release|x64
		{C5903048-67D0-4647-B9A0-23E1519A5DF0}.Release|x64.Build.0 = Release|x64
		{231AFAFF-9F42-494C-9023-D5907F32A160}.Debug|Win32.ActiveCfg = Debug|Win32
		{231AFAFF-9F42-494C-9023-D5907F32A160}.Debug|Win32.Build.0 = Debug|Win32
		{231AFAFF-9F42-494C-9023-D5907F32A160}.Debug|x64.ActiveCfg = Debug|x64
		{231AFAFF-9F42-494C-9023-D5907F32A160}.Debug|x64.Build.0 = Debug|x64
		{231AFAFF-9F42-494C-9023-D5907F32A160}.Release|Win32.ActiveCfg = Release|Win32
		{231AFAFF-9F42-494C-9023-D5907F32A160}.Release|Win32.Build.0 = Release|Win32
		{231AFAFF-9F42-494C-9023-D5907F32A160}.Release|x64.ActiveCfg = Release|x64
		{231AFAFF-9F42-494C-9023-D5907F32A160}.Release|x64.Build.0 = Release|x64
		{626AC5D1-3375-42A3-A29C-F5C33C273E11}.Debug|Win32.ActiveCfg = Debug|Win32
		{626AC5D1-3375-42A3-A29C-F5C33C273E11}.Debug|Win32.Build.0 = Debug|Win32
		{626AC5D1-3375-42A3-A29C-F5C33C273E11}.Debug|x64.ActiveCfg = Debug|x64
		{626AC5D1-3375-42A3-A29C-F5C33C273E11}.Debug|x64.Build.0 = Debug|x64
		{626AC5D1-3375-42A3-A29C-F5C33C273E11}.Release|Win32.ActiveCfg = Release|Win32
		{626AC5D1-3375-42A3-A29C-F5C33C273E11}.Release|Win32.Build.0 = Release|Win32
		{626AC5D1-3375-42A3-A29C-F5C33C273E11}.Release|x64.ActiveCfg = Release|x64
		{626AC5D1-3375-42A3-A29C-F5C33C273E11}.Release|x64.Build.0 = Release|x64
		{CCA663C3-310D-4051-A135-5D34D63F4BAF}.Debug|Win32.ActiveCfg = Debug|Win32
		{CCA663C3-310D-4051-A135-5D34D63F4BAF}.Debug|Win32.Build.0 = Debug|Win32
		{CCA663C3-310D-4051-A135-5D34D63F4BAF}.Debug|x64.ActiveCfg = Debug|x64
		{CCA663C3-310D-4051-A135-5D34D63F4BAF}.Debug|x64.Build.0 = Debug|x64
		{CCA663C3-310D-4051-A135-5D34D63F4BAF}.Release|Win32.ActiveCfg = Release|Win32
		{CCA663C3-310D-4051-A135-5D34D63F4BAF}.Release|Win32.Build.0 = Release|Win32
		{CCA663C3-310D-4051-A135-5D34D63F4BAF}.Release|x64.ActiveCfg = Release|x64
		{CCA663C3-310D-4051-A135-5D34D63F4BAF}.Release|x64.Build.0 = Release|x64
		{836AF358-29E3-47D2-81F2-1D1CCD7117F3}.Debug|Win32.ActiveCfg = Debug|Win32
		{836AF358-29E3-47D2-81F2-1D1CCD7117F3}.Debug|Win32.Build.0 = Debug|Win32
		{836AF358-29E3-47D2-81F2-1D1CCD7117F3}.Debug|x64.ActiveCfg = Debug|x64
		{836AF358-29E3-47D2-81F2-1D1CCD7117F3}.Debug|x64.Build.0 = Debug|x64
		{836AF358-29E3-47D2-81F2-1D1CCD7117F3}.Release|Win32.ActiveCfg = Release|Win32
		{836AF358-29E3-47D2-81F2-1D1CCD7117F3}.Release|Win32.Build.0 = Release|Win32
		{836AF358-29E3-47D2-81F2-1D1CCD7117F3}.Release|x64.ActiveCfg = Release|x64
		{836AF358-29E3-47D2-81F2-1D1CCD7117F3}.Release|x64.Build.0 = Release|x64
		{96AB3013-E905-4058-B89E-5D7F70C4AB1B}.Debug|Win32.ActiveCfg = Debug|Win32
		{96AB3013-E905-4058-B89E-5D7F70C4AB1B}.Debug|Win32.Build.0 = Debug|Win32
		{96AB3013-E905-4058-B89E-5D7F70C4AB1B}.Debug|x64.ActiveCfg = Debug|x64
		{96AB3013-E905-4058-B89E-5D7F70C4AB1B}.Debug|x64.Build.0 = Debug|x64
		{96AB3013-E905-4058-B89E-5D7F70C4AB1B}.Release|Win32.ActiveCfg = Release|Win32
		{96AB3013-E905-4058-B89E-5D7F70C4AB1B}.Release|Win32.Build.0 = Release|Win32
		{96AB3013-E905-4058-B89E-5D7F70C4AB1B}.Release|x64.ActiveCfg = Release|x64
		{96AB3013-E905-4058-B89E-5D7F70C4AB1B}.Release|x64.Build.0 = Release|x64
		{51BE7B2C-038D-4FEB-882A-349559CB090A}.Debug|Win32.ActiveCfg = Debug|Win32
		{51BE7B2C-038D-4FEB-882A-349559CB090A}.Debug|Win32.Build.0 = Debug|Win32
		{51BE7B2C-038D-4FEB-882A-349559CB090A}.Debug|x64.ActiveCfg = Debug|x64
		{51BE7B2C-038D-4FEB-882A-349559CB090A}.Debug|x64.Build.0 = Debug|x64
		{51BE7B2C-038D-4FEB-882A-349559CB090A}.Release|Win32.ActiveCfg = Release|Win32
		{51BE7B2C-038D-4FEB-882A-349559CB090A}.Release|Win32.Build.0 = Release|Win32
		{51BE7B2C-038D-4FEB-882A-349559CB090A}.Release|x64.ActiveCfg = Release|x64
		{51BE7B2C-038D-4FEB-882A-349559CB090A}.Release|x64.Build.0 = Release|x64
		{0EE8F76E-4E15-42C8-A629-13306D50AD24}.Debug|Win32.ActiveCfg = Debug|Win32
		{0EE8F76E-4E15-42C8-A629-13306D50AD24}.Debug|Win32.Build.0 = Debug|Win32
		{0EE8F76E-4E15-42C8-A629-13306D50AD24}.Debug|x64.ActiveCfg = Debug|x64
		{0EE8F76E-4E15-42C8-A629-13306D50AD24}.Debug|x64.Build.0 = Debug|x64
		{0EE8F76E-4E15-42C8-A629-13306D50AD24}.Release|Win32.ActiveCfg = Release|Win32
		{0EE8F76E-4E15-42C8-A629-13306D50AD24}.Release|Win32.Build.0 = Release|Win32
		{0EE8F76E-4E15-42C8-A629-13306D50AD24}.Release|x64.ActiveCfg = Release|x64
		{0EE8F76E-4E15-42C8-A629-13306D50AD24}.Release|x64.Build.0 = Release|x64
		{89A1E353-E2DC-495C-B403-742BE206ACED}.Debug|Win32.ActiveCfg = Debug|Win32
		{89A1E353-E2DC-495C-B403-742BE206ACED}.Debug|Win32.Build.0 = Debug|Win32
		{89A1E353-E2DC-495C-B403-742BE206ACED}.Debug|x64.ActiveCfg = Debug|x64
		{89A1E353-E2DC-495C-B403-742BE206ACED}.Debug|x64.Build.0 = Debug|x64
		{89A1E353-E2DC-495C-B403-742BE206ACED}.Release|Win32.ActiveCfg = Release|Win32
		{89A1E353-E2DC-495C-B403-742BE206ACED}.Release|Win32.Build.0 = Release|Win32
		{89A1E353-E2DC-495C-B403-742BE206ACED}.Release|x64.ActiveCfg = Release|x64
		{89A1E353-E2DC-495C-B403-742BE206ACED}.Release|x64.Build.0 = Release|x64
		{AB6051E2-52D0-41F5-8315-E8B89C18D63E}.Debug|Win32.ActiveCfg = Debug|Win32
		{AB6051E2-52D0-41F5-8315-E8B89C18D63E}.Debug|Win32.Build.0 = Debug|Win32
		{AB6051E2-52D0-41F5-8315-E8B89C18D63E}.Debug|x64.ActiveCfg = Debug|x64
		{AB6051E2-52D0-41F5-8315-E8B89C18D63E}.Debug|x64.Build.0 = Debug|x64
		{AB6051E2-52D0-41F5-8315-E8B89C18D63E}.Release|Win32.ActiveCfg = Release|Win32
		{AB6051E2-52D0-41F5-8315-E8B89C18D63E}.Release|Win32.Build.0 = Release|Win32
		{AB6051E2-52D0-41F5-8315-E8B89C18D63E}.Release|x64.ActiveCfg = Release|x64
		{AB6051E2-52D0-41F5-8315-E8B89C18D63E}.Release|x64.Build.0 = Release|x64
		{13EAB1C7-0F80-4671-9606-4B3FEC826611}.Debug|Win32.ActiveCfg = Debug|Win32
		{13EAB1C7-0F80-4671-9606-4B3FEC826611}.Debug|Win32.Build.0 = Debug|Win32
		{13EAB1C7-0F80-4671-9606-4B3FEC826611}.Debug|x64.ActiveCfg = Debug|x64
		{13EAB1C7-0F80-4671-9606-4B3FEC826611}.Debug|x64.Build.0 = Debug|x64
		{13EAB1C7-0F80-4671-9606-4B3FEC826611}.Release|Win32.ActiveCfg = Release|Win32
		{13EAB1C7-0F80-4671-9606-4B3FEC826611}.Release|Win32.Build.0 = Release|Win32
		{13EAB1C7-0F80-4671-9606-4B3FEC826611}.Release|x64.ActiveCfg = Release|x64
		{13EAB1C7-0F80-4671-9606-4B3FEC826611}.Release|x64.Build.0 = Release|x64
	EndGlobalSection
	GlobalSection(SolutionProperties) = preSolution
		HideSolutionNode = FALSE
	EndGlobalSection
	GlobalSection(NestedProjects) = preSolution
		{CCA663C3-310D-4051-A135-5D34D63F4BAF} = {0B190851-4B1C-4C3A-AC16-B2C0C0A6FECC}
		{C5903048-67D0-4647-B9A0-23E1519A5DF0} = {0B190851-4B1C-4C3A-AC16-B2C0C0A6FECC}
		{626AC5D1-3375-42A3-A29C-F5C33C273E11} = {2D2A164A-EBE1-433D-BC64-755C2E689A29}
		{51BE7B2C-038D-4FEB-882A-349559CB090A} = {2D2A164A-EBE1-433D-BC64-755C2E689A29}
		{231AFAFF-9F42-494C-9023-D5907F32A160} = {2D2A164A-EBE1-433D-BC64-755C2E689A29}
		{AB6051E2-52D0-41F5-8315-E8B89C18D63E} = {2D2A164A-EBE1-433D-BC64-755C2E689A29}
		{0EE8F76E-4E15-42C8-A629-13306D50AD24} = {0979E4AD-CF98-4372-8B71-B9CEDE8B9769}
		{836AF358-29E3-47D2-81F2-1D1CCD7117F3} = {0979E4AD-CF98-4372-8B71-B9CEDE8B9769}
		{13EAB1C7-0F80-4671-9606-4B3FEC826611} = {0979E4AD-CF98-4372-8B71-B9CEDE8B9769}
		{96AB3013-E905-4058-B89E-5D7F70C4AB1B} = {4C2DCB76-5309-4B7B-A55F-0C135A7B1E78}
		{89A1E353-E2DC-495C-B403-742BE206ACED} = {4C2DCB76-5309-4B7B-A55F-0C135A7B1E78}
	EndGlobalSection
EndGlobal
