
Microsoft Visual Studio Solution File, Format Version 11.00
# Visual Studio 2010
Project("{8BC9CEB8-8B4A-11D0-8D11-00A0C91BC942}") = "AuthServer", "AuthServer\AuthServer.vcxproj", "{C5903048-67D0-4647-B9A0-23E1519A5DF0}"
	ProjectSection(ProjectDependencies) = postProject
		{89A1E353-E2DC-495C-B403-742BE206ACED} = {89A1E353-E2DC-495C-B403-742BE206ACED}
		{A3ACE955-4F00-4CE1-AA37-F85417F763DC} = {A3ACE955-4F00-4CE1-AA37-F85417F763DC}
		{60F0CE7C-4631-4A89-8E91-820A5C048738} = {60F0CE7C-4631-4A89-8E91-820A5C048738}
		{51BE7B2C-038D-4FEB-882A-349559CB090A} = {51BE7B2C-038D-4FEB-882A-349559CB090A}
	EndProjectSection
EndProject
Project("{8BC9CEB8-8B4A-11D0-8D11-00A0C91BC942}") = "Shared", "Shared\Shared.vcxproj", "{60F0CE7C-4631-4A89-8E91-820A5C048738}"
	ProjectSection(ProjectDependencies) = postProject
		{89A1E353-E2DC-495C-B403-742BE206ACED} = {89A1E353-E2DC-495C-B403-742BE206ACED}
		{51BE7B2C-038D-4FEB-882A-349559CB090A} = {51BE7B2C-038D-4FEB-882A-349559CB090A}
	EndProjectSection
EndProject
Project("{8BC9CEB8-8B4A-11D0-8D11-00A0C91BC942}") = "ServerShared", "ServerShared\ServerShared.vcxproj", "{A3ACE955-4F00-4CE1-AA37-F85417F763DC}"
	ProjectSection(ProjectDependencies) = postProject
		{60F0CE7C-4631-4A89-8E91-820A5C048738} = {60F0CE7C-4631-4A89-8E91-820A5C048738}
		{51BE7B2C-038D-4FEB-882A-349559CB090A} = {51BE7B2C-038D-4FEB-882A-349559CB090A}
	EndProjectSection
EndProject
Project("{8BC9CEB8-8B4A-11D0-8D11-00A0C91BC942}") = "CCGOClient", "CCGOClient\CCGOClient.vcxproj", "{CCA663C3-310D-4051-A135-5D34D63F4BAF}"
	ProjectSection(ProjectDependencies) = postProject
		{89A1E353-E2DC-495C-B403-742BE206ACED} = {89A1E353-E2DC-495C-B403-742BE206ACED}
		{60F0CE7C-4631-4A89-8E91-820A5C048738} = {60F0CE7C-4631-4A89-8E91-820A5C048738}
		{51BE7B2C-038D-4FEB-882A-349559CB090A} = {51BE7B2C-038D-4FEB-882A-349559CB090A}
	EndProjectSection
EndProject
Project("{8BC9CEB8-8B4A-11D0-8D11-00A0C91BC942}") = "SharedTest", "SharedTest\SharedTest.vcxproj", "{2871CB8A-29A3-4B28-B1AA-5BEA625C2402}"
	ProjectSection(ProjectDependencies) = postProject
		{96AB3013-E905-4058-B89E-5D7F70C4AB1B} = {96AB3013-E905-4058-B89E-5D7F70C4AB1B}
		{89A1E353-E2DC-495C-B403-742BE206ACED} = {89A1E353-E2DC-495C-B403-742BE206ACED}
		{60F0CE7C-4631-4A89-8E91-820A5C048738} = {60F0CE7C-4631-4A89-8E91-820A5C048738}
		{51BE7B2C-038D-4FEB-882A-349559CB090A} = {51BE7B2C-038D-4FEB-882A-349559CB090A}
	EndProjectSection
EndProject
Project("{8BC9CEB8-8B4A-11D0-8D11-00A0C91BC942}") = "gtest-md", "gtest\gtest-md.vcxproj", "{96AB3013-E905-4058-B89E-5D7F70C4AB1B}"
EndProject
Project("{8BC9CEB8-8B4A-11D0-8D11-00A0C91BC942}") = "IP_Platform", "IP_Platform\IP_Platform.vcxproj", "{51BE7B2C-038D-4FEB-882A-349559CB090A}"
EndProject
Project("{8BC9CEB8-8B4A-11D0-8D11-00A0C91BC942}") = "PlatformTest", "PlatformTest\PlatformTest.vcxproj", "{2F365BF1-A233-42B8-AE22-CBCF8670F649}"
	ProjectSection(ProjectDependencies) = postProject
		{96AB3013-E905-4058-B89E-5D7F70C4AB1B} = {96AB3013-E905-4058-B89E-5D7F70C4AB1B}
		{51BE7B2C-038D-4FEB-882A-349559CB090A} = {51BE7B2C-038D-4FEB-882A-349559CB090A}
	EndProjectSection
EndProject
Project("{2150E333-8FDC-42A3-9474-1A3956D46DE8}") = "Apps", "Apps", "{0B190851-4B1C-4C3A-AC16-B2C0C0A6FECC}"
EndProject
Project("{2150E333-8FDC-42A3-9474-1A3956D46DE8}") = "Libraries", "Libraries", "{2D2A164A-EBE1-433D-BC64-755C2E689A29}"
EndProject
Project("{2150E333-8FDC-42A3-9474-1A3956D46DE8}") = "ExternalLibraries", "ExternalLibraries", "{4C2DCB76-5309-4B7B-A55F-0C135A7B1E78}"
EndProject
Project("{2150E333-8FDC-42A3-9474-1A3956D46DE8}") = "TestApps", "TestApps", "{0979E4AD-CF98-4372-8B71-B9CEDE8B9769}"
EndProject
Project("{8BC9CEB8-8B4A-11D0-8D11-00A0C91BC942}") = "pugixml", "pugixml\pugixml.vcxproj", "{89A1E353-E2DC-495C-B403-742BE206ACED}"
EndProject
Global
	GlobalSection(SolutionConfigurationPlatforms) = preSolution
		Debug|Win32 = Debug|Win32
		Debug|x64 = Debug|x64
		Release|Win32 = Release|Win32
		Release|x64 = Release|x64
	EndGlobalSection
	GlobalSection(ProjectConfigurationPlatforms) = postSolution
		{C5903048-67D0-4647-B9A0-23E1519A5DF0}.Debug|Win32.ActiveCfg = Debug|Win32
		{C5903048-67D0-4647-B9A0-23E1519A5DF0}.Debug|Win32.Build.0 = Debug|Win32
		{C5903048-67D0-4647-B9A0-23E1519A5DF0}.Debug|x64.ActiveCfg = Debug|x64
		{C5903048-67D0-4647-B9A0-23E1519A5DF0}.Debug|x64.Build.0 = Debug|x64
		{C5903048-67D0-4647-B9A0-23E1519A5DF0}.Release|Win32.ActiveCfg = Release|Win32
		{C5903048-67D0-4647-B9A0-23E1519A5DF0}.Release|Win32.Build.0 = Release|Win32
		{C5903048-67D0-4647-B9A0-23E1519A5DF0}.Release|x64.ActiveCfg = Release|x64
		{C5903048-67D0-4647-B9A0-23E1519A5DF0}.Release|x64.Build.0 = Release|x64
		{60F0CE7C-4631-4A89-8E91-820A5C048738}.Debug|Win32.ActiveCfg = Debug|Win32
		{60F0CE7C-4631-4A89-8E91-820A5C048738}.Debug|Win32.Build.0 = Debug|Win32
		{60F0CE7C-4631-4A89-8E91-820A5C048738}.Debug|x64.ActiveCfg = Debug|x64
		{60F0CE7C-4631-4A89-8E91-820A5C048738}.Debug|x64.Build.0 = Debug|x64
		{60F0CE7C-4631-4A89-8E91-820A5C048738}.Release|Win32.ActiveCfg = Release|Win32
		{60F0CE7C-4631-4A89-8E91-820A5C048738}.Release|Win32.Build.0 = Release|Win32
		{60F0CE7C-4631-4A89-8E91-820A5C048738}.Release|x64.ActiveCfg = Release|x64
		{60F0CE7C-4631-4A89-8E91-820A5C048738}.Release|x64.Build.0 = Release|x64
		{A3ACE955-4F00-4CE1-AA37-F85417F763DC}.Debug|Win32.ActiveCfg = Debug|Win32
		{A3ACE955-4F00-4CE1-AA37-F85417F763DC}.Debug|Win32.Build.0 = Debug|Win32
		{A3ACE955-4F00-4CE1-AA37-F85417F763DC}.Debug|x64.ActiveCfg = Debug|x64
		{A3ACE955-4F00-4CE1-AA37-F85417F763DC}.Debug|x64.Build.0 = Debug|x64
		{A3ACE955-4F00-4CE1-AA37-F85417F763DC}.Release|Win32.ActiveCfg = Release|Win32
		{A3ACE955-4F00-4CE1-AA37-F85417F763DC}.Release|Win32.Build.0 = Release|Win32
		{A3ACE955-4F00-4CE1-AA37-F85417F763DC}.Release|x64.ActiveCfg = Release|x64
		{A3ACE955-4F00-4CE1-AA37-F85417F763DC}.Release|x64.Build.0 = Release|x64
		{CCA663C3-310D-4051-A135-5D34D63F4BAF}.Debug|Win32.ActiveCfg = Debug|Win32
		{CCA663C3-310D-4051-A135-5D34D63F4BAF}.Debug|Win32.Build.0 = Debug|Win32
		{CCA663C3-310D-4051-A135-5D34D63F4BAF}.Debug|x64.ActiveCfg = Debug|x64
		{CCA663C3-310D-4051-A135-5D34D63F4BAF}.Debug|x64.Build.0 = Debug|x64
		{CCA663C3-310D-4051-A135-5D34D63F4BAF}.Release|Win32.ActiveCfg = Release|Win32
		{CCA663C3-310D-4051-A135-5D34D63F4BAF}.Release|Win32.Build.0 = Release|Win32
		{CCA663C3-310D-4051-A135-5D34D63F4BAF}.Release|x64.ActiveCfg = Release|x64
		{CCA663C3-310D-4051-A135-5D34D63F4BAF}.Release|x64.Build.0 = Release|x64
		{2871CB8A-29A3-4B28-B1AA-5BEA625C2402}.Debug|Win32.ActiveCfg = Debug|Win32
		{2871CB8A-29A3-4B28-B1AA-5BEA625C2402}.Debug|Win32.Build.0 = Debug|Win32
		{2871CB8A-29A3-4B28-B1AA-5BEA625C2402}.Debug|x64.ActiveCfg = Debug|x64
		{2871CB8A-29A3-4B28-B1AA-5BEA625C2402}.Debug|x64.Build.0 = Debug|x64
		{2871CB8A-29A3-4B28-B1AA-5BEA625C2402}.Release|Win32.ActiveCfg = Release|Win32
		{2871CB8A-29A3-4B28-B1AA-5BEA625C2402}.Release|Win32.Build.0 = Release|Win32
		{2871CB8A-29A3-4B28-B1AA-5BEA625C2402}.Release|x64.ActiveCfg = Release|x64
		{2871CB8A-29A3-4B28-B1AA-5BEA625C2402}.Release|x64.Build.0 = Release|x64
		{96AB3013-E905-4058-B89E-5D7F70C4AB1B}.Debug|Win32.ActiveCfg = Debug|Win32
		{96AB3013-E905-4058-B89E-5D7F70C4AB1B}.Debug|Win32.Build.0 = Debug|Win32
		{96AB3013-E905-4058-B89E-5D7F70C4AB1B}.Debug|x64.ActiveCfg = Debug|x64
		{96AB3013-E905-4058-B89E-5D7F70C4AB1B}.Debug|x64.Build.0 = Debug|x64
		{96AB3013-E905-4058-B89E-5D7F70C4AB1B}.Release|Win32.ActiveCfg = Release|Win32
		{96AB3013-E905-4058-B89E-5D7F70C4AB1B}.Release|Win32.Build.0 = Release|Win32
		{96AB3013-E905-4058-B89E-5D7F70C4AB1B}.Release|x64.ActiveCfg = Release|x64
		{96AB3013-E905-4058-B89E-5D7F70C4AB1B}.Release|x64.Build.0 = Release|x64
		{51BE7B2C-038D-4FEB-882A-349559CB090A}.Debug|Win32.ActiveCfg = Debug|Win32
		{51BE7B2C-038D-4FEB-882A-349559CB090A}.Debug|Win32.Build.0 = Debug|Win32
		{51BE7B2C-038D-4FEB-882A-349559CB090A}.Debug|x64.ActiveCfg = Debug|x64
		{51BE7B2C-038D-4FEB-882A-349559CB090A}.Debug|x64.Build.0 = Debug|x64
		{51BE7B2C-038D-4FEB-882A-349559CB090A}.Release|Win32.ActiveCfg = Release|Win32
		{51BE7B2C-038D-4FEB-882A-349559CB090A}.Release|Win32.Build.0 = Release|Win32
		{51BE7B2C-038D-4FEB-882A-349559CB090A}.Release|x64.ActiveCfg = Release|x64
		{51BE7B2C-038D-4FEB-882A-349559CB090A}.Release|x64.Build.0 = Release|x64
		{2F365BF1-A233-42B8-AE22-CBCF8670F649}.Debug|Win32.ActiveCfg = Debug|Win32
		{2F365BF1-A233-42B8-AE22-CBCF8670F649}.Debug|Win32.Build.0 = Debug|Win32
		{2F365BF1-A233-42B8-AE22-CBCF8670F649}.Debug|x64.ActiveCfg = Debug|x64
		{2F365BF1-A233-42B8-AE22-CBCF8670F649}.Debug|x64.Build.0 = Debug|x64
		{2F365BF1-A233-42B8-AE22-CBCF8670F649}.Release|Win32.ActiveCfg = Release|Win32
		{2F365BF1-A233-42B8-AE22-CBCF8670F649}.Release|Win32.Build.0 = Release|Win32
		{2F365BF1-A233-42B8-AE22-CBCF8670F649}.Release|x64.ActiveCfg = Release|x64
		{2F365BF1-A233-42B8-AE22-CBCF8670F649}.Release|x64.Build.0 = Release|x64
		{89A1E353-E2DC-495C-B403-742BE206ACED}.Debug|Win32.ActiveCfg = Debug|Win32
		{89A1E353-E2DC-495C-B403-742BE206ACED}.Debug|Win32.Build.0 = Debug|Win32
		{89A1E353-E2DC-495C-B403-742BE206ACED}.Debug|x64.ActiveCfg = Debug|x64
		{89A1E353-E2DC-495C-B403-742BE206ACED}.Debug|x64.Build.0 = Debug|x64
		{89A1E353-E2DC-495C-B403-742BE206ACED}.Release|Win32.ActiveCfg = Release|Win32
		{89A1E353-E2DC-495C-B403-742BE206ACED}.Release|Win32.Build.0 = Release|Win32
		{89A1E353-E2DC-495C-B403-742BE206ACED}.Release|x64.ActiveCfg = Release|x64
		{89A1E353-E2DC-495C-B403-742BE206ACED}.Release|x64.Build.0 = Release|x64
	EndGlobalSection
	GlobalSection(SolutionProperties) = preSolution
		HideSolutionNode = FALSE
	EndGlobalSection
	GlobalSection(NestedProjects) = preSolution
		{CCA663C3-310D-4051-A135-5D34D63F4BAF} = {0B190851-4B1C-4C3A-AC16-B2C0C0A6FECC}
		{C5903048-67D0-4647-B9A0-23E1519A5DF0} = {0B190851-4B1C-4C3A-AC16-B2C0C0A6FECC}
		{A3ACE955-4F00-4CE1-AA37-F85417F763DC} = {2D2A164A-EBE1-433D-BC64-755C2E689A29}
		{51BE7B2C-038D-4FEB-882A-349559CB090A} = {2D2A164A-EBE1-433D-BC64-755C2E689A29}
		{60F0CE7C-4631-4A89-8E91-820A5C048738} = {2D2A164A-EBE1-433D-BC64-755C2E689A29}
		{2F365BF1-A233-42B8-AE22-CBCF8670F649} = {0979E4AD-CF98-4372-8B71-B9CEDE8B9769}
		{2871CB8A-29A3-4B28-B1AA-5BEA625C2402} = {0979E4AD-CF98-4372-8B71-B9CEDE8B9769}
		{96AB3013-E905-4058-B89E-5D7F70C4AB1B} = {4C2DCB76-5309-4B7B-A55F-0C135A7B1E78}
		{89A1E353-E2DC-495C-B403-742BE206ACED} = {4C2DCB76-5309-4B7B-A55F-0C135A7B1E78}
	EndGlobalSection
EndGlobal
