<?xml version="1.0" encoding="utf-8"?>
<Project ToolsVersion="4.0" xmlns="http://schemas.microsoft.com/developer/msbuild/2003">
  <ItemGroup>
    <Filter Include="Source Files">
      <UniqueIdentifier>{C1A56F7E-8E1C-4FB7-AC99-68235523D1F3}</UniqueIdentifier>
      <Extensions>cpp;c;cc;cxx;def;odl;idl;hpj;bat;asm;asmx</Extensions>
    </Filter>
    <Filter Include="Resource Files">
      <UniqueIdentifier>{1841FECF-19E2-4911-A7FB-947A8999D275}</UniqueIdentifier>
      <Extensions>rc;ico;cur;bmp;dlg;rc2;rct;bin;rgs;gif;jpg;jpeg;jpe;resx;tiff;tif;png;wav;mfcribbon-ms</Extensions>
    </Filter>
    <Filter Include="Source Files\GeneratedCode">
      <UniqueIdentifier>{f4c2b417-bdc4-41b9-8eec-4730145fa3b0}</UniqueIdentifier>
    </Filter>
  </ItemGroup>
  <ItemGroup>
    <ClInclude Include="stdafx.h">
      <Filter>Source Files</Filter>
    </ClInclude>
    <ClInclude Include="targetver.h">
      <Filter>Source Files</Filter>
    </ClInclude>
    <ClInclude Include="IPServerShared.h">
      <Filter>Source Files</Filter>
    </ClInclude>
    <ClInclude Include="GeneratedCode\RegisterIPServerSharedEnums.h">
      <Filter>Source Files\GeneratedCode</Filter>
    </ClInclude>
  </ItemGroup>
  <ItemGroup>
    <ClCompile Include="stdafx.cpp">
      <Filter>Source Files</Filter>
    </ClCompile>
    <ClCompile Include="IPServerShared.cpp">
      <Filter>Source Files</Filter>
    </ClCompile>
    <ClCompile Include="GeneratedCode\RegisterIPServerSharedEnums.cpp">
      <Filter>Source Files\GeneratedCode</Filter>
    </ClCompile>
  </ItemGroup>
</Project>