<?xml version="1.0" encoding="utf-8"?>
<Project ToolsVersion="4.0" xmlns="http://schemas.microsoft.com/developer/msbuild/2003">
  <ItemGroup>
    <Filter Include="Source Files">
      <UniqueIdentifier>{34ED141A-4A7F-41F3-80E5-27FFBF48FE11}</UniqueIdentifier>
      <Extensions>cpp;c;cc;cxx;def;odl;idl;hpj;bat;asm;asmx</Extensions>
    </Filter>
    <Filter Include="Source Files\SynchronizationPrimitives">
      <UniqueIdentifier>{2323F5FB-4081-435E-949A-5A0DB89715CD}</UniqueIdentifier>
    </Filter>
    <Filter Include="Source Files\Resource Files">
      <UniqueIdentifier>{8F1AEB8C-65C9-4CAB-85F6-0120E0AF9DE5}</UniqueIdentifier>
      <Extensions>rc;ico;cur;bmp;dlg;rc2;rct;bin;rgs;gif;jpg;jpeg;jpe;resx;tiff;tif;png;wav;mfcribbon-ms</Extensions>
    </Filter>
  </ItemGroup>
  <ItemGroup>
    <ClInclude Include="targetver.h">
      <Filter>Source Files</Filter>
    </ClInclude>
    <ClInclude Include="MemoryAllocation.h">
      <Filter>Source Files</Filter>
    </ClInclude>
    <ClInclude Include="PlatformTypes.h">
      <Filter>Source Files</Filter>
    </ClInclude>
    <ClInclude Include="WindowsWrapper.h">
      <Filter>Source Files</Filter>
    </ClInclude>
    <ClInclude Include="StructuredExceptionTypes.h">
      <Filter>Source Files</Filter>
    </ClInclude>
    <ClInclude Include="DebugAssert.h">
      <Filter>Source Files</Filter>
    </ClInclude>
    <ClInclude Include="FastDelegate.h">
      <Filter>Source Files</Filter>
    </ClInclude>
    <ClInclude Include="FastDelegateBind.h">
      <Filter>Source Files</Filter>
    </ClInclude>
    <ClInclude Include="StringUtils.h">
      <Filter>Source Files</Filter>
    </ClInclude>
    <ClInclude Include="StructuredExceptionInfo.h">
      <Filter>Source Files</Filter>
    </ClInclude>
    <ClInclude Include="ThreadLocalStorage.h">
      <Filter>Source Files</Filter>
    </ClInclude>
    <ClInclude Include="PlatformTime.h">
      <Filter>Source Files</Filter>
    </ClInclude>
    <ClInclude Include="PlatformExceptionHandler.h">
      <Filter>Source Files</Filter>
    </ClInclude>
    <ClInclude Include="SynchronizationPrimitives\PlatformMutex.h">
      <Filter>Source Files\SynchronizationPrimitives</Filter>
    </ClInclude>
    <ClInclude Include="PlatformProcess.h">
      <Filter>Source Files</Filter>
    </ClInclude>
    <ClInclude Include="PlatformFileSystem.h">
      <Filter>Source Files</Filter>
    </ClInclude>
    <ClInclude Include="PlatformMisc.h">
      <Filter>Source Files</Filter>
    </ClInclude>
    <ClInclude Include="PlatformThread.h">
      <Filter>Source Files</Filter>
    </ClInclude>
    <ClInclude Include="stdafx.h">
      <Filter>Source Files</Filter>
    </ClInclude>
  </ItemGroup>
  <ItemGroup>
    <ClCompile Include="stdafx.cpp">
      <Filter>Source Files</Filter>
    </ClCompile>
    <ClCompile Include="MemoryAllocation.cpp">
      <Filter>Source Files</Filter>
    </ClCompile>
    <ClCompile Include="DebugAssert.cpp">
      <Filter>Source Files</Filter>
    </ClCompile>
    <ClCompile Include="StringUtils.cpp">
      <Filter>Source Files</Filter>
    </ClCompile>
    <ClCompile Include="StructuredExceptionInfo.cpp">
      <Filter>Source Files</Filter>
    </ClCompile>
    <ClCompile Include="ThreadLocalStorage.cpp">
      <Filter>Source Files</Filter>
    </ClCompile>
    <ClCompile Include="PlatformTime.cpp">
      <Filter>Source Files</Filter>
    </ClCompile>
    <ClCompile Include="PlatformExceptionHandler.cpp">
      <Filter>Source Files</Filter>
    </ClCompile>
    <ClCompile Include="SynchronizationPrimitives\PlatformMutex.cpp">
      <Filter>Source Files\SynchronizationPrimitives</Filter>
    </ClCompile>
    <ClCompile Include="PlatformProcess.cpp">
      <Filter>Source Files</Filter>
    </ClCompile>
    <ClCompile Include="PlatformFileSystem.cpp">
      <Filter>Source Files</Filter>
    </ClCompile>
    <ClCompile Include="PlatformMisc.cpp">
      <Filter>Source Files</Filter>
    </ClCompile>
    <ClCompile Include="PlatformThread.cpp">
      <Filter>Source Files</Filter>
    </ClCompile>
  </ItemGroup>
</Project>